
Microsoft Visual Studio Solution File, Format Version 12.00
# Visual Studio Version 16
VisualStudioVersion = 16.0.30517.126
MinimumVisualStudioVersion = 10.0.40219.1
Project("{FAE04EC0-301F-11D3-BF4B-00C04F79EFBC}") = "Plugin.SimpleLogger.iOS", "SimpleLogger\Plugin.SimpleLogger.iOS\Plugin.SimpleLogger.iOS.csproj", "{2882AEEB-D4CD-4EB9-8A6C-6653B33681F0}"
EndProject
Project("{FAE04EC0-301F-11D3-BF4B-00C04F79EFBC}") = "Plugin.SimpleLogger.Android", "SimpleLogger\Plugin.SimpleLogger.Android\Plugin.SimpleLogger.Android.csproj", "{56A56F17-7DE1-4CA1-9617-BF32E971AC84}"
EndProject
Project("{2150E333-8FDC-42A3-9474-1A3956D46DE8}") = "Doc", "Doc", "{589439F8-127A-4220-9A36-724A8F1495C4}"
	ProjectSection(SolutionItems) = preProject
		SimpleLogger.Plugin.nuspec = SimpleLogger.Plugin.nuspec
	EndProjectSection
EndProject
Project("{9A19103F-16F7-4668-BE54-9A1E7A4F7556}") = "Plugin.SimpleLogger", "SimpleLogger\Plugin.SimpleLogger\Plugin.SimpleLogger.csproj", "{D7CFAE5E-6611-4274-B0DE-2EF51EE60606}"
EndProject
Project("{9A19103F-16F7-4668-BE54-9A1E7A4F7556}") = "Plugin.SimpleLogger.Abstractions", "SimpleLogger\Plugin.SimpleLogger.Abstractions\Plugin.SimpleLogger.Abstractions.csproj", "{62FF986F-E725-4E34-B8DA-02D3737537B3}"
EndProject
Global
	GlobalSection(SolutionConfigurationPlatforms) = preSolution
		Debug|Any CPU = Debug|Any CPU
		Debug|ARM = Debug|ARM
		Debug|x64 = Debug|x64
		Debug|x86 = Debug|x86
		Release|Any CPU = Release|Any CPU
		Release|ARM = Release|ARM
		Release|x64 = Release|x64
		Release|x86 = Release|x86
	EndGlobalSection
	GlobalSection(ProjectConfigurationPlatforms) = postSolution
		{2882AEEB-D4CD-4EB9-8A6C-6653B33681F0}.Debug|Any CPU.ActiveCfg = Debug|Any CPU
		{2882AEEB-D4CD-4EB9-8A6C-6653B33681F0}.Debug|Any CPU.Build.0 = Debug|Any CPU
		{2882AEEB-D4CD-4EB9-8A6C-6653B33681F0}.Debug|ARM.ActiveCfg = Debug|Any CPU
		{2882AEEB-D4CD-4EB9-8A6C-6653B33681F0}.Debug|ARM.Build.0 = Debug|Any CPU
		{2882AEEB-D4CD-4EB9-8A6C-6653B33681F0}.Debug|x64.ActiveCfg = Debug|Any CPU
		{2882AEEB-D4CD-4EB9-8A6C-6653B33681F0}.Debug|x64.Build.0 = Debug|Any CPU
		{2882AEEB-D4CD-4EB9-8A6C-6653B33681F0}.Debug|x86.ActiveCfg = Debug|Any CPU
		{2882AEEB-D4CD-4EB9-8A6C-6653B33681F0}.Debug|x86.Build.0 = Debug|Any CPU
		{2882AEEB-D4CD-4EB9-8A6C-6653B33681F0}.Release|Any CPU.ActiveCfg = Release|Any CPU
		{2882AEEB-D4CD-4EB9-8A6C-6653B33681F0}.Release|Any CPU.Build.0 = Release|Any CPU
		{2882AEEB-D4CD-4EB9-8A6C-6653B33681F0}.Release|ARM.ActiveCfg = Release|Any CPU
		{2882AEEB-D4CD-4EB9-8A6C-6653B33681F0}.Release|ARM.Build.0 = Release|Any CPU
		{2882AEEB-D4CD-4EB9-8A6C-6653B33681F0}.Release|x64.ActiveCfg = Release|Any CPU
		{2882AEEB-D4CD-4EB9-8A6C-6653B33681F0}.Release|x64.Build.0 = Release|Any CPU
		{2882AEEB-D4CD-4EB9-8A6C-6653B33681F0}.Release|x86.ActiveCfg = Release|Any CPU
		{2882AEEB-D4CD-4EB9-8A6C-6653B33681F0}.Release|x86.Build.0 = Release|Any CPU
		{56A56F17-7DE1-4CA1-9617-BF32E971AC84}.Debug|Any CPU.ActiveCfg = Debug|Any CPU
		{56A56F17-7DE1-4CA1-9617-BF32E971AC84}.Debug|Any CPU.Build.0 = Debug|Any CPU
		{56A56F17-7DE1-4CA1-9617-BF32E971AC84}.Debug|ARM.ActiveCfg = Debug|Any CPU
		{56A56F17-7DE1-4CA1-9617-BF32E971AC84}.Debug|ARM.Build.0 = Debug|Any CPU
		{56A56F17-7DE1-4CA1-9617-BF32E971AC84}.Debug|x64.ActiveCfg = Debug|Any CPU
		{56A56F17-7DE1-4CA1-9617-BF32E971AC84}.Debug|x64.Build.0 = Debug|Any CPU
		{56A56F17-7DE1-4CA1-9617-BF32E971AC84}.Debug|x86.ActiveCfg = Debug|Any CPU
		{56A56F17-7DE1-4CA1-9617-BF32E971AC84}.Debug|x86.Build.0 = Debug|Any CPU
		{56A56F17-7DE1-4CA1-9617-BF32E971AC84}.Release|Any CPU.ActiveCfg = Release|Any CPU
		{56A56F17-7DE1-4CA1-9617-BF32E971AC84}.Release|Any CPU.Build.0 = Release|Any CPU
		{56A56F17-7DE1-4CA1-9617-BF32E971AC84}.Release|ARM.ActiveCfg = Release|Any CPU
		{56A56F17-7DE1-4CA1-9617-BF32E971AC84}.Release|ARM.Build.0 = Release|Any CPU
		{56A56F17-7DE1-4CA1-9617-BF32E971AC84}.Release|x64.ActiveCfg = Release|Any CPU
		{56A56F17-7DE1-4CA1-9617-BF32E971AC84}.Release|x64.Build.0 = Release|Any CPU
		{56A56F17-7DE1-4CA1-9617-BF32E971AC84}.Release|x86.ActiveCfg = Release|Any CPU
		{56A56F17-7DE1-4CA1-9617-BF32E971AC84}.Release|x86.Build.0 = Release|Any CPU
		{D7CFAE5E-6611-4274-B0DE-2EF51EE60606}.Debug|Any CPU.ActiveCfg = Debug|Any CPU
		{D7CFAE5E-6611-4274-B0DE-2EF51EE60606}.Debug|Any CPU.Build.0 = Debug|Any CPU
		{D7CFAE5E-6611-4274-B0DE-2EF51EE60606}.Debug|ARM.ActiveCfg = Debug|Any CPU
		{D7CFAE5E-6611-4274-B0DE-2EF51EE60606}.Debug|ARM.Build.0 = Debug|Any CPU
		{D7CFAE5E-6611-4274-B0DE-2EF51EE60606}.Debug|x64.ActiveCfg = Debug|Any CPU
		{D7CFAE5E-6611-4274-B0DE-2EF51EE60606}.Debug|x64.Build.0 = Debug|Any CPU
		{D7CFAE5E-6611-4274-B0DE-2EF51EE60606}.Debug|x86.ActiveCfg = Debug|Any CPU
		{D7CFAE5E-6611-4274-B0DE-2EF51EE60606}.Debug|x86.Build.0 = Debug|Any CPU
		{D7CFAE5E-6611-4274-B0DE-2EF51EE60606}.Release|Any CPU.ActiveCfg = Release|Any CPU
		{D7CFAE5E-6611-4274-B0DE-2EF51EE60606}.Release|Any CPU.Build.0 = Release|Any CPU
		{D7CFAE5E-6611-4274-B0DE-2EF51EE60606}.Release|ARM.ActiveCfg = Release|Any CPU
		{D7CFAE5E-6611-4274-B0DE-2EF51EE60606}.Release|ARM.Build.0 = Release|Any CPU
		{D7CFAE5E-6611-4274-B0DE-2EF51EE60606}.Release|x64.ActiveCfg = Release|Any CPU
		{D7CFAE5E-6611-4274-B0DE-2EF51EE60606}.Release|x64.Build.0 = Release|Any CPU
		{D7CFAE5E-6611-4274-B0DE-2EF51EE60606}.Release|x86.ActiveCfg = Release|Any CPU
		{D7CFAE5E-6611-4274-B0DE-2EF51EE60606}.Release|x86.Build.0 = Release|Any CPU
		{62FF986F-E725-4E34-B8DA-02D3737537B3}.Debug|Any CPU.ActiveCfg = Debug|Any CPU
		{62FF986F-E725-4E34-B8DA-02D3737537B3}.Debug|Any CPU.Build.0 = Debug|Any CPU
		{62FF986F-E725-4E34-B8DA-02D3737537B3}.Debug|ARM.ActiveCfg = Debug|Any CPU
		{62FF986F-E725-4E34-B8DA-02D3737537B3}.Debug|ARM.Build.0 = Debug|Any CPU
		{62FF986F-E725-4E34-B8DA-02D3737537B3}.Debug|x64.ActiveCfg = Debug|Any CPU
		{62FF986F-E725-4E34-B8DA-02D3737537B3}.Debug|x64.Build.0 = Debug|Any CPU
		{62FF986F-E725-4E34-B8DA-02D3737537B3}.Debug|x86.ActiveCfg = Debug|Any CPU
		{62FF986F-E725-4E34-B8DA-02D3737537B3}.Debug|x86.Build.0 = Debug|Any CPU
		{62FF986F-E725-4E34-B8DA-02D3737537B3}.Release|Any CPU.ActiveCfg = Release|Any CPU
		{62FF986F-E725-4E34-B8DA-02D3737537B3}.Release|Any CPU.Build.0 = Release|Any CPU
		{62FF986F-E725-4E34-B8DA-02D3737537B3}.Release|ARM.ActiveCfg = Release|Any CPU
		{62FF986F-E725-4E34-B8DA-02D3737537B3}.Release|ARM.Build.0 = Release|Any CPU
		{62FF986F-E725-4E34-B8DA-02D3737537B3}.Release|x64.ActiveCfg = Release|Any CPU
		{62FF986F-E725-4E34-B8DA-02D3737537B3}.Release|x64.Build.0 = Release|Any CPU
		{62FF986F-E725-4E34-B8DA-02D3737537B3}.Release|x86.ActiveCfg = Release|Any CPU
		{62FF986F-E725-4E34-B8DA-02D3737537B3}.Release|x86.Build.0 = Release|Any CPU
	EndGlobalSection
	GlobalSection(SolutionProperties) = preSolution
		HideSolutionNode = FALSE
	EndGlobalSection
	GlobalSection(ExtensibilityGlobals) = postSolution
		SolutionGuid = {09E1BFAE-8465-440E-9A1F-86798712402E}
	EndGlobalSection
EndGlobal
